
Microsoft Visual Studio Solution File, Format Version 12.00
Project("{FAE04EC0-301F-11D3-BF4B-00C04F79EFBC}") = "JPlanner", "JPlanner\JPlanner.csproj", "{CBAE4F0C-6C07-4D6A-B6F3-FA936FFF831E}"
EndProject
Project("{2150E333-8FDC-42A3-9474-1A3956D46DE8}") = "src", "src", "{75178718-AF85-47C7-A5C5-30F66D8281F2}"
EndProject
Global
	GlobalSection(SolutionConfigurationPlatforms) = preSolution
		Debug|Any CPU = Debug|Any CPU
		Release|Any CPU = Release|Any CPU
	EndGlobalSection
	GlobalSection(ProjectConfigurationPlatforms) = postSolution
		{CBAE4F0C-6C07-4D6A-B6F3-FA936FFF831E}.Debug|Any CPU.ActiveCfg = Debug|Any CPU
		{CBAE4F0C-6C07-4D6A-B6F3-FA936FFF831E}.Debug|Any CPU.Build.0 = Debug|Any CPU
		{CBAE4F0C-6C07-4D6A-B6F3-FA936FFF831E}.Release|Any CPU.ActiveCfg = Release|Any CPU
		{CBAE4F0C-6C07-4D6A-B6F3-FA936FFF831E}.Release|Any CPU.Build.0 = Release|Any CPU
	EndGlobalSection
	GlobalSection(NestedProjects) = preSolution
		{CBAE4F0C-6C07-4D6A-B6F3-FA936FFF831E} = {75178718-AF85-47C7-A5C5-30F66D8281F2}
	EndGlobalSection
EndGlobal
